
Microsoft Visual Studio Solution File, Format Version 12.00
# Visual Studio 14
VisualStudioVersion = 14.0.25420.1
MinimumVisualStudioVersion = 10.0.40219.1
Project("{FAE04EC0-301F-11D3-BF4B-00C04F79EFBC}") = "MagicCardMarket.App", "MagicCardMarket.App\MagicCardMarket.App.csproj", "{D3589714-FE74-4647-A96F-5A53D4DF89A0}"
EndProject
Project("{FAE04EC0-301F-11D3-BF4B-00C04F79EFBC}") = "MagicCardMarket.Models", "MagicCardMarket.Models\MagicCardMarket.Models.csproj", "{CD5AFF37-EA2E-4379-BB15-57466A9082FE}"
EndProject
Project("{FAE04EC0-301F-11D3-BF4B-00C04F79EFBC}") = "MagicCardMarket.Request", "MagicCardMarket.Request\MagicCardMarket.Request.csproj", "{21723232-14A9-4688-ABDC-D1E4A0AB49D6}"
EndProject
Project("{FAE04EC0-301F-11D3-BF4B-00C04F79EFBC}") = "MagicCardMarket.MVVM", "MagicCardMarket.MVVM\MagicCardMarket.MVVM.csproj", "{35F68C5D-10F1-4248-B3BC-6A76F437FEEE}"
EndProject
Project("{FAE04EC0-301F-11D3-BF4B-00C04F79EFBC}") = "AdornedControl", "AdornedControl\AdornedControl.csproj", "{94B81CB7-F8A6-44BC-BD71-E927F701E0D8}"
EndProject
Project("{2150E333-8FDC-42A3-9474-1A3956D46DE8}") = "Solutions Items", "Solutions Items", "{E327C31B-F005-4A7F-A4D7-CB93FE75BEDA}"
	ProjectSection(SolutionItems) = preProject
		TODO.txt = TODO.txt
	EndProjectSection
EndProject
Project("{FAE04EC0-301F-11D3-BF4B-00C04F79EFBC}") = "MagicCardMarket.Cache", "MagicCardMarket.Cache\MagicCardMarket.Cache.csproj", "{F5F6CEA6-C24B-4D21-AE82-28B4D5C6834B}"
EndProject
Project("{FAE04EC0-301F-11D3-BF4B-00C04F79EFBC}") = "MagicCardMarket.Log", "MagicCardMarket.Log\MagicCardMarket.Log.csproj", "{A0514DF7-C844-4951-9B83-E5200F38F0F3}"
EndProject
Project("{FAE04EC0-301F-11D3-BF4B-00C04F79EFBC}") = "MagicCardMarket.APIHelpers", "MagicCardMarket.APIHelpers\MagicCardMarket.APIHelpers.csproj", "{85993069-9E45-44B7-84B5-6170B992CF27}"
EndProject
Project("{FAE04EC0-301F-11D3-BF4B-00C04F79EFBC}") = "MagicCardMarket.ConsoleApp", "MagicCardMarket.ConsoleApp\MagicCardMarket.ConsoleApp.csproj", "{E55A6ACB-976E-4F16-91A6-6C67C51A720F}"
EndProject
Project("{FAE04EC0-301F-11D3-BF4B-00C04F79EFBC}") = "MagicCardMarket.Extensions", "MagicCardMarket.Extensions\MagicCardMarket.Extensions.csproj", "{57CDAD5E-AFF3-45A1-B578-672BB1F75319}"
EndProject
Global
	GlobalSection(SolutionConfigurationPlatforms) = preSolution
		Debug|Any CPU = Debug|Any CPU
		Release|Any CPU = Release|Any CPU
	EndGlobalSection
	GlobalSection(ProjectConfigurationPlatforms) = postSolution
		{D3589714-FE74-4647-A96F-5A53D4DF89A0}.Debug|Any CPU.ActiveCfg = Debug|Any CPU
		{D3589714-FE74-4647-A96F-5A53D4DF89A0}.Debug|Any CPU.Build.0 = Debug|Any CPU
		{D3589714-FE74-4647-A96F-5A53D4DF89A0}.Release|Any CPU.ActiveCfg = Release|Any CPU
		{D3589714-FE74-4647-A96F-5A53D4DF89A0}.Release|Any CPU.Build.0 = Release|Any CPU
		{CD5AFF37-EA2E-4379-BB15-57466A9082FE}.Debug|Any CPU.ActiveCfg = Debug|Any CPU
		{CD5AFF37-EA2E-4379-BB15-57466A9082FE}.Debug|Any CPU.Build.0 = Debug|Any CPU
		{CD5AFF37-EA2E-4379-BB15-57466A9082FE}.Release|Any CPU.ActiveCfg = Release|Any CPU
		{CD5AFF37-EA2E-4379-BB15-57466A9082FE}.Release|Any CPU.Build.0 = Release|Any CPU
		{21723232-14A9-4688-ABDC-D1E4A0AB49D6}.Debug|Any CPU.ActiveCfg = Debug|Any CPU
		{21723232-14A9-4688-ABDC-D1E4A0AB49D6}.Debug|Any CPU.Build.0 = Debug|Any CPU
		{21723232-14A9-4688-ABDC-D1E4A0AB49D6}.Release|Any CPU.ActiveCfg = Release|Any CPU
		{21723232-14A9-4688-ABDC-D1E4A0AB49D6}.Release|Any CPU.Build.0 = Release|Any CPU
		{35F68C5D-10F1-4248-B3BC-6A76F437FEEE}.Debug|Any CPU.ActiveCfg = Debug|Any CPU
		{35F68C5D-10F1-4248-B3BC-6A76F437FEEE}.Debug|Any CPU.Build.0 = Debug|Any CPU
		{35F68C5D-10F1-4248-B3BC-6A76F437FEEE}.Release|Any CPU.ActiveCfg = Release|Any CPU
		{35F68C5D-10F1-4248-B3BC-6A76F437FEEE}.Release|Any CPU.Build.0 = Release|Any CPU
		{94B81CB7-F8A6-44BC-BD71-E927F701E0D8}.Debug|Any CPU.ActiveCfg = Debug|Any CPU
		{94B81CB7-F8A6-44BC-BD71-E927F701E0D8}.Debug|Any CPU.Build.0 = Debug|Any CPU
		{94B81CB7-F8A6-44BC-BD71-E927F701E0D8}.Release|Any CPU.ActiveCfg = Release|Any CPU
		{94B81CB7-F8A6-44BC-BD71-E927F701E0D8}.Release|Any CPU.Build.0 = Release|Any CPU
		{F5F6CEA6-C24B-4D21-AE82-28B4D5C6834B}.Debug|Any CPU.ActiveCfg = Debug|Any CPU
		{F5F6CEA6-C24B-4D21-AE82-28B4D5C6834B}.Debug|Any CPU.Build.0 = Debug|Any CPU
		{F5F6CEA6-C24B-4D21-AE82-28B4D5C6834B}.Release|Any CPU.ActiveCfg = Release|Any CPU
		{F5F6CEA6-C24B-4D21-AE82-28B4D5C6834B}.Release|Any CPU.Build.0 = Release|Any CPU
		{A0514DF7-C844-4951-9B83-E5200F38F0F3}.Debug|Any CPU.ActiveCfg = Debug|Any CPU
		{A0514DF7-C844-4951-9B83-E5200F38F0F3}.Debug|Any CPU.Build.0 = Debug|Any CPU
		{A0514DF7-C844-4951-9B83-E5200F38F0F3}.Release|Any CPU.ActiveCfg = Release|Any CPU
		{A0514DF7-C844-4951-9B83-E5200F38F0F3}.Release|Any CPU.Build.0 = Release|Any CPU
		{85993069-9E45-44B7-84B5-6170B992CF27}.Debug|Any CPU.ActiveCfg = Debug|Any CPU
		{85993069-9E45-44B7-84B5-6170B992CF27}.Debug|Any CPU.Build.0 = Debug|Any CPU
		{85993069-9E45-44B7-84B5-6170B992CF27}.Release|Any CPU.ActiveCfg = Release|Any CPU
		{85993069-9E45-44B7-84B5-6170B992CF27}.Release|Any CPU.Build.0 = Release|Any CPU
		{E55A6ACB-976E-4F16-91A6-6C67C51A720F}.Debug|Any CPU.ActiveCfg = Debug|Any CPU
		{E55A6ACB-976E-4F16-91A6-6C67C51A720F}.Debug|Any CPU.Build.0 = Debug|Any CPU
		{E55A6ACB-976E-4F16-91A6-6C67C51A720F}.Release|Any CPU.ActiveCfg = Release|Any CPU
		{E55A6ACB-976E-4F16-91A6-6C67C51A720F}.Release|Any CPU.Build.0 = Release|Any CPU
		{57CDAD5E-AFF3-45A1-B578-672BB1F75319}.Debug|Any CPU.ActiveCfg = Debug|Any CPU
		{57CDAD5E-AFF3-45A1-B578-672BB1F75319}.Debug|Any CPU.Build.0 = Debug|Any CPU
		{57CDAD5E-AFF3-45A1-B578-672BB1F75319}.Release|Any CPU.ActiveCfg = Release|Any CPU
		{57CDAD5E-AFF3-45A1-B578-672BB1F75319}.Release|Any CPU.Build.0 = Release|Any CPU
	EndGlobalSection
	GlobalSection(SolutionProperties) = preSolution
		HideSolutionNode = FALSE
	EndGlobalSection
EndGlobal
